
Microsoft Visual Studio Solution File, Format Version 12.00
# Visual Studio 2013
VisualStudioVersion = 12.0.30723.0
MinimumVisualStudioVersion = 10.0.40219.1
Project("{FAE04EC0-301F-11D3-BF4B-00C04F79EFBC}") = "ColorAimbot", "ColorAimbot\ColorAimbot.csproj", "{79D7B3BE-0C7E-4A5D-8979-D26BC2B2B333}"
EndProject
Project("{FAE04EC0-301F-11D3-BF4B-00C04F79EFBC}") = "aforgefiltertest", "aforgefiltertest\aforgefiltertest.csproj", "{208049AD-EC69-4AAC-B6DD-A614B8838459}"
EndProject
Global
	GlobalSection(SolutionConfigurationPlatforms) = preSolution
		Debug|Any CPU = Debug|Any CPU
		Release|Any CPU = Release|Any CPU
	EndGlobalSection
	GlobalSection(ProjectConfigurationPlatforms) = postSolution
		{79D7B3BE-0C7E-4A5D-8979-D26BC2B2B333}.Debug|Any CPU.ActiveCfg = Debug|Any CPU
		{79D7B3BE-0C7E-4A5D-8979-D26BC2B2B333}.Debug|Any CPU.Build.0 = Debug|Any CPU
		{79D7B3BE-0C7E-4A5D-8979-D26BC2B2B333}.Release|Any CPU.ActiveCfg = Release|Any CPU
		{79D7B3BE-0C7E-4A5D-8979-D26BC2B2B333}.Release|Any CPU.Build.0 = Release|Any CPU
		{208049AD-EC69-4AAC-B6DD-A614B8838459}.Debug|Any CPU.ActiveCfg = Debug|Any CPU
		{208049AD-EC69-4AAC-B6DD-A614B8838459}.Debug|Any CPU.Build.0 = Debug|Any CPU
		{208049AD-EC69-4AAC-B6DD-A614B8838459}.Release|Any CPU.ActiveCfg = Release|Any CPU
		{208049AD-EC69-4AAC-B6DD-A614B8838459}.Release|Any CPU.Build.0 = Release|Any CPU
	EndGlobalSection
	GlobalSection(SolutionProperties) = preSolution
		HideSolutionNode = FALSE
	EndGlobalSection
EndGlobal
